
Microsoft Visual Studio Solution File, Format Version 12.00
# Visual Studio Version 17
VisualStudioVersion = 17.11.35312.102
MinimumVisualStudioVersion = 10.0.40219.1
Project("{FAE04EC0-301F-11D3-BF4B-00C04F79EFBC}") = "WinFormsApp1", "WinFormsApp1\WinFormsApp1.csproj", "{9E6AD101-B2F6-4D89-A156-C484B5BDCD87}"
EndProject
Global
	GlobalSection(SolutionConfigurationPlatforms) = preSolution
		Debug|Any CPU = Debug|Any CPU
		Release|Any CPU = Release|Any CPU
	EndGlobalSection
	GlobalSection(ProjectConfigurationPlatforms) = postSolution
		{9E6AD101-B2F6-4D89-A156-C484B5BDCD87}.Debug|Any CPU.ActiveCfg = Debug|Any CPU
		{9E6AD101-B2F6-4D89-A156-C484B5BDCD87}.Debug|Any CPU.Build.0 = Debug|Any CPU
		{9E6AD101-B2F6-4D89-A156-C484B5BDCD87}.Release|Any CPU.ActiveCfg = Release|Any CPU
		{9E6AD101-B2F6-4D89-A156-C484B5BDCD87}.Release|Any CPU.Build.0 = Release|Any CPU
	EndGlobalSection
	GlobalSection(SolutionProperties) = preSolution
		HideSolutionNode = FALSE
	EndGlobalSection
	GlobalSection(ExtensibilityGlobals) = postSolution
		SolutionGuid = {6FC56146-D2C4-479D-90E0-DCCE2C9A420B}
	EndGlobalSection
EndGlobal
